// !$*UTF8*$!
{
	archiveVersion = 1;
	classes = {
	};
	objectVersion = 50;
	objects = {

/* Begin PBXBuildFile section */
		78199D0A231F0A2800D0297F /* Array+NilRemoval.swift in Sources */ = {isa = PBXBuildFile; fileRef = 78199D09231F0A2800D0297F /* Array+NilRemoval.swift */; };
		78199D0C231FF79700D0297F /* ErrorView.swift in Sources */ = {isa = PBXBuildFile; fileRef = 78199D0B231FF79700D0297F /* ErrorView.swift */; };
		78199D0E231FF82600D0297F /* CocktailList.swift in Sources */ = {isa = PBXBuildFile; fileRef = 78199D0D231FF82600D0297F /* CocktailList.swift */; };
		78476BA323184DFB005190F1 /* AppDelegate.swift in Sources */ = {isa = PBXBuildFile; fileRef = 78476BA223184DFB005190F1 /* AppDelegate.swift */; };
		78476BA523184DFC005190F1 /* SceneDelegate.swift in Sources */ = {isa = PBXBuildFile; fileRef = 78476BA423184DFC005190F1 /* SceneDelegate.swift */; };
		78476BA723184DFC005190F1 /* ContentView.swift in Sources */ = {isa = PBXBuildFile; fileRef = 78476BA623184DFC005190F1 /* ContentView.swift */; };
		78476BA923184DFD005190F1 /* Assets.xcassets in Resources */ = {isa = PBXBuildFile; fileRef = 78476BA823184DFD005190F1 /* Assets.xcassets */; };
		78476BAC23184DFD005190F1 /* Preview Assets.xcassets in Resources */ = {isa = PBXBuildFile; fileRef = 78476BAB23184DFD005190F1 /* Preview Assets.xcassets */; };
		78476BAF23184DFD005190F1 /* LaunchScreen.storyboard in Resources */ = {isa = PBXBuildFile; fileRef = 78476BAD23184DFD005190F1 /* LaunchScreen.storyboard */; };
		78476BBE23184E88005190F1 /* WebService.swift in Sources */ = {isa = PBXBuildFile; fileRef = 78476BBD23184E88005190F1 /* WebService.swift */; };
		78476BC123184F56005190F1 /* Cocktail.swift in Sources */ = {isa = PBXBuildFile; fileRef = 78476BC023184F56005190F1 /* Cocktail.swift */; };
		78476BC323185003005190F1 /* Ingredient.swift in Sources */ = {isa = PBXBuildFile; fileRef = 78476BC223185003005190F1 /* Ingredient.swift */; };
		78476BC623185F25005190F1 /* CodingKey.swift in Sources */ = {isa = PBXBuildFile; fileRef = 78476BC523185F25005190F1 /* CodingKey.swift */; };
		78476BCD23186A5A005190F1 /* WebServiceMock.swift in Sources */ = {isa = PBXBuildFile; fileRef = 78476BCC23186A5A005190F1 /* WebServiceMock.swift */; };
		78476BCF23186AB2005190F1 /* Cocktails.json in Resources */ = {isa = PBXBuildFile; fileRef = 78476BCE23186AB2005190F1 /* Cocktails.json */; };
		78476BD1231872AF005190F1 /* CocktailResponse.swift in Sources */ = {isa = PBXBuildFile; fileRef = 78476BD0231872AF005190F1 /* CocktailResponse.swift */; };
		78476BD323195D49005190F1 /* CocktailCard.swift in Sources */ = {isa = PBXBuildFile; fileRef = 78476BD223195D49005190F1 /* CocktailCard.swift */; };
		78476BD523195DA9005190F1 /* CocktailListViewModel.swift in Sources */ = {isa = PBXBuildFile; fileRef = 78476BD423195DA9005190F1 /* CocktailListViewModel.swift */; };
		78476BD723197A5D005190F1 /* CocktailListContainer.swift in Sources */ = {isa = PBXBuildFile; fileRef = 78476BD623197A5D005190F1 /* CocktailListContainer.swift */; };
		78476BD9231993EE005190F1 /* Swinject.swift in Sources */ = {isa = PBXBuildFile; fileRef = 78476BD8231993EE005190F1 /* Swinject.swift */; };
		78476BE72319997D005190F1 /* Container.swift in Sources */ = {isa = PBXBuildFile; fileRef = 78476BE62319997D005190F1 /* Container.swift */; };
		78476BE92319AE1C005190F1 /* CocktailImageViewModel.swift in Sources */ = {isa = PBXBuildFile; fileRef = 78476BE82319AE1C005190F1 /* CocktailImageViewModel.swift */; };
		78476BEB2319B843005190F1 /* CocktailDetailView.swift in Sources */ = {isa = PBXBuildFile; fileRef = 78476BEA2319B843005190F1 /* CocktailDetailView.swift */; };
		78476BEE231D50D8005190F1 /* StrokeText.swift in Sources */ = {isa = PBXBuildFile; fileRef = 78476BED231D50D8005190F1 /* StrokeText.swift */; };
		78476BF0231D712B005190F1 /* UIImage+isDark.swift in Sources */ = {isa = PBXBuildFile; fileRef = 78476BEF231D712B005190F1 /* UIImage+isDark.swift */; };
		78476BF6231D8FE1005190F1 /* Constants.swift in Sources */ = {isa = PBXBuildFile; fileRef = 78476BF5231D8FE1005190F1 /* Constants.swift */; };
		78476BF8231DB35A005190F1 /* WebServiceImpl.swift in Sources */ = {isa = PBXBuildFile; fileRef = 78476BF7231DB35A005190F1 /* WebServiceImpl.swift */; };
		78476BFB231DB8CB005190F1 /* Logger.swift in Sources */ = {isa = PBXBuildFile; fileRef = 78476BFA231DB8CB005190F1 /* Logger.swift */; };
		78476BFD231EE059005190F1 /* Date+Formatter.swift in Sources */ = {isa = PBXBuildFile; fileRef = 78476BFC231EE059005190F1 /* Date+Formatter.swift */; };
		78476C02231F01ED005190F1 /* LoadingView.swift in Sources */ = {isa = PBXBuildFile; fileRef = 78476C01231F01ED005190F1 /* LoadingView.swift */; };
/* End PBXBuildFile section */

/* Begin PBXFileReference section */
		78199D09231F0A2800D0297F /* Array+NilRemoval.swift */ = {isa = PBXFileReference; lastKnownFileType = sourcecode.swift; path = "Array+NilRemoval.swift"; sourceTree = "<group>"; };
		78199D0B231FF79700D0297F /* ErrorView.swift */ = {isa = PBXFileReference; lastKnownFileType = sourcecode.swift; path = ErrorView.swift; sourceTree = "<group>"; };
		78199D0D231FF82600D0297F /* CocktailList.swift */ = {isa = PBXFileReference; lastKnownFileType = sourcecode.swift; path = CocktailList.swift; sourceTree = "<group>"; };
		78476B9F23184DFB005190F1 /* SomeCocktail.app */ = {isa = PBXFileReference; explicitFileType = wrapper.application; includeInIndex = 0; path = SomeCocktail.app; sourceTree = BUILT_PRODUCTS_DIR; };
		78476BA223184DFB005190F1 /* AppDelegate.swift */ = {isa = PBXFileReference; lastKnownFileType = sourcecode.swift; path = AppDelegate.swift; sourceTree = "<group>"; };
		78476BA423184DFC005190F1 /* SceneDelegate.swift */ = {isa = PBXFileReference; lastKnownFileType = sourcecode.swift; path = SceneDelegate.swift; sourceTree = "<group>"; };
		78476BA623184DFC005190F1 /* ContentView.swift */ = {isa = PBXFileReference; lastKnownFileType = sourcecode.swift; path = ContentView.swift; sourceTree = "<group>"; };
		78476BA823184DFD005190F1 /* Assets.xcassets */ = {isa = PBXFileReference; lastKnownFileType = folder.assetcatalog; path = Assets.xcassets; sourceTree = "<group>"; };
		78476BAB23184DFD005190F1 /* Preview Assets.xcassets */ = {isa = PBXFileReference; lastKnownFileType = folder.assetcatalog; path = "Preview Assets.xcassets"; sourceTree = "<group>"; };
		78476BAE23184DFD005190F1 /* Base */ = {isa = PBXFileReference; lastKnownFileType = file.storyboard; name = Base; path = Base.lproj/LaunchScreen.storyboard; sourceTree = "<group>"; };
		78476BB023184DFD005190F1 /* Info.plist */ = {isa = PBXFileReference; lastKnownFileType = text.plist.xml; path = Info.plist; sourceTree = "<group>"; };
		78476BBD23184E88005190F1 /* WebService.swift */ = {isa = PBXFileReference; lastKnownFileType = sourcecode.swift; path = WebService.swift; sourceTree = "<group>"; };
		78476BC023184F56005190F1 /* Cocktail.swift */ = {isa = PBXFileReference; lastKnownFileType = sourcecode.swift; path = Cocktail.swift; sourceTree = "<group>"; };
		78476BC223185003005190F1 /* Ingredient.swift */ = {isa = PBXFileReference; lastKnownFileType = sourcecode.swift; path = Ingredient.swift; sourceTree = "<group>"; };
		78476BC523185F25005190F1 /* CodingKey.swift */ = {isa = PBXFileReference; lastKnownFileType = sourcecode.swift; path = CodingKey.swift; sourceTree = "<group>"; };
		78476BCC23186A5A005190F1 /* WebServiceMock.swift */ = {isa = PBXFileReference; lastKnownFileType = sourcecode.swift; path = WebServiceMock.swift; sourceTree = "<group>"; };
		78476BCE23186AB2005190F1 /* Cocktails.json */ = {isa = PBXFileReference; fileEncoding = 4; lastKnownFileType = text.json; path = Cocktails.json; sourceTree = "<group>"; };
		78476BD0231872AF005190F1 /* CocktailResponse.swift */ = {isa = PBXFileReference; lastKnownFileType = sourcecode.swift; path = CocktailResponse.swift; sourceTree = "<group>"; };
		78476BD223195D49005190F1 /* CocktailCard.swift */ = {isa = PBXFileReference; lastKnownFileType = sourcecode.swift; path = CocktailCard.swift; sourceTree = "<group>"; };
		78476BD423195DA9005190F1 /* CocktailListViewModel.swift */ = {isa = PBXFileReference; lastKnownFileType = sourcecode.swift; path = CocktailListViewModel.swift; sourceTree = "<group>"; };
		78476BD623197A5D005190F1 /* CocktailListContainer.swift */ = {isa = PBXFileReference; lastKnownFileType = sourcecode.swift; path = CocktailListContainer.swift; sourceTree = "<group>"; };
		78476BD8231993EE005190F1 /* Swinject.swift */ = {isa = PBXFileReference; lastKnownFileType = sourcecode.swift; path = Swinject.swift; sourceTree = "<group>"; };
		78476BDB2319985B005190F1 /* AlamofireImage.framework */ = {isa = PBXFileReference; lastKnownFileType = wrapper.framework; name = AlamofireImage.framework; path = Carthage/Build/iOS/AlamofireImage.framework; sourceTree = "<group>"; };
		78476BDC2319985B005190F1 /* Alamofire.framework */ = {isa = PBXFileReference; lastKnownFileType = wrapper.framework; name = Alamofire.framework; path = Carthage/Build/iOS/Alamofire.framework; sourceTree = "<group>"; };
		78476BDD2319985B005190F1 /* Swinject.framework */ = {isa = PBXFileReference; lastKnownFileType = wrapper.framework; name = Swinject.framework; path = Carthage/Build/iOS/Swinject.framework; sourceTree = "<group>"; };
		78476BE62319997D005190F1 /* Container.swift */ = {isa = PBXFileReference; lastKnownFileType = sourcecode.swift; path = Container.swift; sourceTree = "<group>"; };
		78476BE82319AE1C005190F1 /* CocktailImageViewModel.swift */ = {isa = PBXFileReference; lastKnownFileType = sourcecode.swift; path = CocktailImageViewModel.swift; sourceTree = "<group>"; };
		78476BEA2319B843005190F1 /* CocktailDetailView.swift */ = {isa = PBXFileReference; lastKnownFileType = sourcecode.swift; path = CocktailDetailView.swift; sourceTree = "<group>"; };
		78476BED231D50D8005190F1 /* StrokeText.swift */ = {isa = PBXFileReference; lastKnownFileType = sourcecode.swift; path = StrokeText.swift; sourceTree = "<group>"; };
		78476BEF231D712B005190F1 /* UIImage+isDark.swift */ = {isa = PBXFileReference; lastKnownFileType = sourcecode.swift; path = "UIImage+isDark.swift"; sourceTree = "<group>"; };
		78476BF5231D8FE1005190F1 /* Constants.swift */ = {isa = PBXFileReference; lastKnownFileType = sourcecode.swift; path = Constants.swift; sourceTree = "<group>"; };
		78476BF7231DB35A005190F1 /* WebServiceImpl.swift */ = {isa = PBXFileReference; lastKnownFileType = sourcecode.swift; path = WebServiceImpl.swift; sourceTree = "<group>"; };
		78476BFA231DB8CB005190F1 /* Logger.swift */ = {isa = PBXFileReference; lastKnownFileType = sourcecode.swift; path = Logger.swift; sourceTree = "<group>"; };
		78476BFC231EE059005190F1 /* Date+Formatter.swift */ = {isa = PBXFileReference; lastKnownFileType = sourcecode.swift; path = "Date+Formatter.swift"; sourceTree = "<group>"; };
		78476C01231F01ED005190F1 /* LoadingView.swift */ = {isa = PBXFileReference; lastKnownFileType = sourcecode.swift; path = LoadingView.swift; sourceTree = "<group>"; };
/* End PBXFileReference section */

/* Begin PBXFrameworksBuildPhase section */
		78476B9C23184DFB005190F1 /* Frameworks */ = {
			isa = PBXFrameworksBuildPhase;
			buildActionMask = 2147483647;
			files = (
			);
			runOnlyForDeploymentPostprocessing = 0;
		};
/* End PBXFrameworksBuildPhase section */

/* Begin PBXGroup section */
		78476B9623184DFB005190F1 = {
			isa = PBXGroup;
			children = (
				78476BA123184DFB005190F1 /* SomeCocktail */,
				78476BA023184DFB005190F1 /* Products */,
				78476BDA2319985A005190F1 /* Frameworks */,
			);
			sourceTree = "<group>";
		};
		78476BA023184DFB005190F1 /* Products */ = {
			isa = PBXGroup;
			children = (
				78476B9F23184DFB005190F1 /* SomeCocktail.app */,
			);
			name = Products;
			sourceTree = "<group>";
		};
		78476BA123184DFB005190F1 /* SomeCocktail */ = {
			isa = PBXGroup;
			children = (
				78476BF9231DB8B6005190F1 /* Logger */,
				78476BE52319996C005190F1 /* Swinject */,
				78476BCA23186A35005190F1 /* Mock */,
				78476BC423185F1A005190F1 /* Extensions */,
				78476BBF23184F36005190F1 /* Model */,
				78476BBB23184E3E005190F1 /* Service */,
				78476BBA23184E39005190F1 /* ViewModel */,
				78476BB923184E32005190F1 /* View */,
				78476BB723184E1E005190F1 /* Delegates */,
				78476BB623184E0A005190F1 /* Support Files */,
				78476BAA23184DFD005190F1 /* Preview Content */,
			);
			path = SomeCocktail;
			sourceTree = "<group>";
		};
		78476BAA23184DFD005190F1 /* Preview Content */ = {
			isa = PBXGroup;
			children = (
				78476BAB23184DFD005190F1 /* Preview Assets.xcassets */,
			);
			path = "Preview Content";
			sourceTree = "<group>";
		};
		78476BB623184E0A005190F1 /* Support Files */ = {
			isa = PBXGroup;
			children = (
				78476BA823184DFD005190F1 /* Assets.xcassets */,
				78476BAD23184DFD005190F1 /* LaunchScreen.storyboard */,
				78476BB023184DFD005190F1 /* Info.plist */,
			);
			name = "Support Files";
			sourceTree = "<group>";
		};
		78476BB723184E1E005190F1 /* Delegates */ = {
			isa = PBXGroup;
			children = (
				78476BA223184DFB005190F1 /* AppDelegate.swift */,
				78476BA423184DFC005190F1 /* SceneDelegate.swift */,
			);
			name = Delegates;
			sourceTree = "<group>";
		};
		78476BB923184E32005190F1 /* View */ = {
			isa = PBXGroup;
			children = (
				78476C00231F01DA005190F1 /* Generic */,
				78476BFF231F0027005190F1 /* CocktailDetail */,
				78476BFE231F001E005190F1 /* CocktailList */,
				78476BEC231D50C3005190F1 /* Text */,
				78476BA623184DFC005190F1 /* ContentView.swift */,
			);
			path = View;
			sourceTree = "<group>";
		};
		78476BBA23184E39005190F1 /* ViewModel */ = {
			isa = PBXGroup;
			children = (
				78476BD423195DA9005190F1 /* CocktailListViewModel.swift */,
				78476BE82319AE1C005190F1 /* CocktailImageViewModel.swift */,
			);
			path = ViewModel;
			sourceTree = "<group>";
		};
		78476BBB23184E3E005190F1 /* Service */ = {
			isa = PBXGroup;
			children = (
				78476BCB23186A41005190F1 /* Implementation */,
				78476BBD23184E88005190F1 /* WebService.swift */,
				78476BF5231D8FE1005190F1 /* Constants.swift */,
			);
			path = Service;
			sourceTree = "<group>";
		};
		78476BBF23184F36005190F1 /* Model */ = {
			isa = PBXGroup;
			children = (
				78476BC023184F56005190F1 /* Cocktail.swift */,
				78476BC223185003005190F1 /* Ingredient.swift */,
				78476BD0231872AF005190F1 /* CocktailResponse.swift */,
			);
			path = Model;
			sourceTree = "<group>";
		};
		78476BC423185F1A005190F1 /* Extensions */ = {
			isa = PBXGroup;
			children = (
				78476BC523185F25005190F1 /* CodingKey.swift */,
				78476BEF231D712B005190F1 /* UIImage+isDark.swift */,
				78199D09231F0A2800D0297F /* Array+NilRemoval.swift */,
			);
			path = Extensions;
			sourceTree = "<group>";
		};
		78476BCA23186A35005190F1 /* Mock */ = {
			isa = PBXGroup;
			children = (
				78476BCE23186AB2005190F1 /* Cocktails.json */,
			);
			path = Mock;
			sourceTree = "<group>";
		};
		78476BCB23186A41005190F1 /* Implementation */ = {
			isa = PBXGroup;
			children = (
				78476BCC23186A5A005190F1 /* WebServiceMock.swift */,
				78476BF7231DB35A005190F1 /* WebServiceImpl.swift */,
			);
			path = Implementation;
			sourceTree = "<group>";
		};
		78476BDA2319985A005190F1 /* Frameworks */ = {
			isa = PBXGroup;
			children = (
				78476BDC2319985B005190F1 /* Alamofire.framework */,
				78476BDB2319985B005190F1 /* AlamofireImage.framework */,
				78476BDD2319985B005190F1 /* Swinject.framework */,
			);
			name = Frameworks;
			sourceTree = "<group>";
		};
		78476BE52319996C005190F1 /* Swinject */ = {
			isa = PBXGroup;
			children = (
				78476BD8231993EE005190F1 /* Swinject.swift */,
				78476BE62319997D005190F1 /* Container.swift */,
			);
			path = Swinject;
			sourceTree = "<group>";
		};
		78476BEC231D50C3005190F1 /* Text */ = {
			isa = PBXGroup;
			children = (
				78476BED231D50D8005190F1 /* StrokeText.swift */,
			);
			path = Text;
			sourceTree = "<group>";
		};
		78476BF9231DB8B6005190F1 /* Logger */ = {
			isa = PBXGroup;
			children = (
				78476BFA231DB8CB005190F1 /* Logger.swift */,
				78476BFC231EE059005190F1 /* Date+Formatter.swift */,
			);
			path = Logger;
			sourceTree = "<group>";
		};
		78476BFE231F001E005190F1 /* CocktailList */ = {
			isa = PBXGroup;
			children = (
				78476BD223195D49005190F1 /* CocktailCard.swift */,
				78476BD623197A5D005190F1 /* CocktailListContainer.swift */,
				78199D0B231FF79700D0297F /* ErrorView.swift */,
				78199D0D231FF82600D0297F /* CocktailList.swift */,
			);
			path = CocktailList;
			sourceTree = "<group>";
		};
		78476BFF231F0027005190F1 /* CocktailDetail */ = {
			isa = PBXGroup;
			children = (
				78476BEA2319B843005190F1 /* CocktailDetailView.swift */,
			);
			path = CocktailDetail;
			sourceTree = "<group>";
		};
		78476C00231F01DA005190F1 /* Generic */ = {
			isa = PBXGroup;
			children = (
				78476C01231F01ED005190F1 /* LoadingView.swift */,
			);
			path = Generic;
			sourceTree = "<group>";
		};
/* End PBXGroup section */

/* Begin PBXNativeTarget section */
		78476B9E23184DFB005190F1 /* SomeCocktail */ = {
			isa = PBXNativeTarget;
			buildConfigurationList = 78476BB323184DFD005190F1 /* Build configuration list for PBXNativeTarget "SomeCocktail" */;
			buildPhases = (
				78476B9B23184DFB005190F1 /* Sources */,
				78476B9C23184DFB005190F1 /* Frameworks */,
				78476B9D23184DFB005190F1 /* Resources */,
			);
			buildRules = (
			);
			dependencies = (
			);
			name = SomeCocktail;
			productName = SomeCocktail;
			productReference = 78476B9F23184DFB005190F1 /* SomeCocktail.app */;
			productType = "com.apple.product-type.application";
		};
/* End PBXNativeTarget section */

/* Begin PBXProject section */
		78476B9723184DFB005190F1 /* Project object */ = {
			isa = PBXProject;
			attributes = {
				LastSwiftUpdateCheck = 1100;
				LastUpgradeCheck = 1100;
				ORGANIZATIONNAME = Rusito23;
				TargetAttributes = {
					78476B9E23184DFB005190F1 = {
						CreatedOnToolsVersion = 11.0;
					};
				};
			};
			buildConfigurationList = 78476B9A23184DFB005190F1 /* Build configuration list for PBXProject "SomeCocktail" */;
			compatibilityVersion = "Xcode 9.3";
			developmentRegion = en;
			hasScannedForEncodings = 0;
			knownRegions = (
				en,
				Base,
			);
			mainGroup = 78476B9623184DFB005190F1;
			productRefGroup = 78476BA023184DFB005190F1 /* Products */;
			projectDirPath = "";
			projectRoot = "";
			targets = (
				78476B9E23184DFB005190F1 /* SomeCocktail */,
			);
		};
/* End PBXProject section */

/* Begin PBXResourcesBuildPhase section */
		78476B9D23184DFB005190F1 /* Resources */ = {
			isa = PBXResourcesBuildPhase;
			buildActionMask = 2147483647;
			files = (
				78476BAF23184DFD005190F1 /* LaunchScreen.storyboard in Resources */,
				78476BAC23184DFD005190F1 /* Preview Assets.xcassets in Resources */,
				78476BA923184DFD005190F1 /* Assets.xcassets in Resources */,
				78476BCF23186AB2005190F1 /* Cocktails.json in Resources */,
			);
			runOnlyForDeploymentPostprocessing = 0;
		};
/* End PBXResourcesBuildPhase section */

/* Begin PBXSourcesBuildPhase section */
		78476B9B23184DFB005190F1 /* Sources */ = {
			isa = PBXSourcesBuildPhase;
			buildActionMask = 2147483647;
			files = (
				78199D0C231FF79700D0297F /* ErrorView.swift in Sources */,
				78476BA323184DFB005190F1 /* AppDelegate.swift in Sources */,
				78476BD9231993EE005190F1 /* Swinject.swift in Sources */,
				78476BD523195DA9005190F1 /* CocktailListViewModel.swift in Sources */,
				78476BD1231872AF005190F1 /* CocktailResponse.swift in Sources */,
				78476BFB231DB8CB005190F1 /* Logger.swift in Sources */,
				78476BD723197A5D005190F1 /* CocktailListContainer.swift in Sources */,
				78476BF0231D712B005190F1 /* UIImage+isDark.swift in Sources */,
				78476BF8231DB35A005190F1 /* WebServiceImpl.swift in Sources */,
				78476BCD23186A5A005190F1 /* WebServiceMock.swift in Sources */,
				78476BC623185F25005190F1 /* CodingKey.swift in Sources */,
				78476BA523184DFC005190F1 /* SceneDelegate.swift in Sources */,
				78476BC323185003005190F1 /* Ingredient.swift in Sources */,
				78199D0A231F0A2800D0297F /* Array+NilRemoval.swift in Sources */,
				78476BFD231EE059005190F1 /* Date+Formatter.swift in Sources */,
				78476BBE23184E88005190F1 /* WebService.swift in Sources */,
				78476BC123184F56005190F1 /* Cocktail.swift in Sources */,
				78476BEB2319B843005190F1 /* CocktailDetailView.swift in Sources */,
				78476BE92319AE1C005190F1 /* CocktailImageViewModel.swift in Sources */,
				78476BF6231D8FE1005190F1 /* Constants.swift in Sources */,
				78476BE72319997D005190F1 /* Container.swift in Sources */,
				78476BD323195D49005190F1 /* CocktailCard.swift in Sources */,
				78476BEE231D50D8005190F1 /* StrokeText.swift in Sources */,
				78476BA723184DFC005190F1 /* ContentView.swift in Sources */,
				78476C02231F01ED005190F1 /* LoadingView.swift in Sources */,
				78199D0E231FF82600D0297F /* CocktailList.swift in Sources */,
			);
			runOnlyForDeploymentPostprocessing = 0;
		};
/* End PBXSourcesBuildPhase section */

/* Begin PBXVariantGroup section */
		78476BAD23184DFD005190F1 /* LaunchScreen.storyboard */ = {
			isa = PBXVariantGroup;
			children = (
				78476BAE23184DFD005190F1 /* Base */,
			);
			name = LaunchScreen.storyboard;
			sourceTree = "<group>";
		};
/* End PBXVariantGroup section */

/* Begin XCBuildConfiguration section */
		78476BB123184DFD005190F1 /* Debug */ = {
			isa = XCBuildConfiguration;
			buildSettings = {
				ALWAYS_SEARCH_USER_PATHS = NO;
				CLANG_ANALYZER_NONNULL = YES;
				CLANG_ANALYZER_NUMBER_OBJECT_CONVERSION = YES_AGGRESSIVE;
				CLANG_CXX_LANGUAGE_STANDARD = "gnu++14";
				CLANG_CXX_LIBRARY = "libc++";
				CLANG_ENABLE_MODULES = YES;
				CLANG_ENABLE_OBJC_ARC = YES;
				CLANG_ENABLE_OBJC_WEAK = YES;
				CLANG_WARN_BLOCK_CAPTURE_AUTORELEASING = YES;
				CLANG_WARN_BOOL_CONVERSION = YES;
				CLANG_WARN_COMMA = YES;
				CLANG_WARN_CONSTANT_CONVERSION = YES;
				CLANG_WARN_DEPRECATED_OBJC_IMPLEMENTATIONS = YES;
				CLANG_WARN_DIRECT_OBJC_ISA_USAGE = YES_ERROR;
				CLANG_WARN_DOCUMENTATION_COMMENTS = YES;
				CLANG_WARN_EMPTY_BODY = YES;
				CLANG_WARN_ENUM_CONVERSION = YES;
				CLANG_WARN_INFINITE_RECURSION = YES;
				CLANG_WARN_INT_CONVERSION = YES;
				CLANG_WARN_NON_LITERAL_NULL_CONVERSION = YES;
				CLANG_WARN_OBJC_IMPLICIT_RETAIN_SELF = YES;
				CLANG_WARN_OBJC_LITERAL_CONVERSION = YES;
				CLANG_WARN_OBJC_ROOT_CLASS = YES_ERROR;
				CLANG_WARN_RANGE_LOOP_ANALYSIS = YES;
				CLANG_WARN_STRICT_PROTOTYPES = YES;
				CLANG_WARN_SUSPICIOUS_MOVE = YES;
				CLANG_WARN_UNGUARDED_AVAILABILITY = YES_AGGRESSIVE;
				CLANG_WARN_UNREACHABLE_CODE = YES;
				CLANG_WARN__DUPLICATE_METHOD_MATCH = YES;
				COPY_PHASE_STRIP = NO;
				DEBUG_INFORMATION_FORMAT = dwarf;
				ENABLE_STRICT_OBJC_MSGSEND = YES;
				ENABLE_TESTABILITY = YES;
				GCC_C_LANGUAGE_STANDARD = gnu11;
				GCC_DYNAMIC_NO_PIC = NO;
				GCC_NO_COMMON_BLOCKS = YES;
				GCC_OPTIMIZATION_LEVEL = 0;
				GCC_PREPROCESSOR_DEFINITIONS = (
					"DEBUG=1",
					"$(inherited)",
				);
				GCC_WARN_64_TO_32_BIT_CONVERSION = YES;
				GCC_WARN_ABOUT_RETURN_TYPE = YES_ERROR;
				GCC_WARN_UNDECLARED_SELECTOR = YES;
				GCC_WARN_UNINITIALIZED_AUTOS = YES_AGGRESSIVE;
				GCC_WARN_UNUSED_FUNCTION = YES;
				GCC_WARN_UNUSED_VARIABLE = YES;
				IPHONEOS_DEPLOYMENT_TARGET = 13.0;
				MTL_ENABLE_DEBUG_INFO = INCLUDE_SOURCE;
				MTL_FAST_MATH = YES;
				ONLY_ACTIVE_ARCH = YES;
				SDKROOT = iphoneos;
				SWIFT_ACTIVE_COMPILATION_CONDITIONS = DEBUG;
				SWIFT_OPTIMIZATION_LEVEL = "-Onone";
			};
			name = Debug;
		};
		78476BB223184DFD005190F1 /* Release */ = {
			isa = XCBuildConfiguration;
			buildSettings = {
				ALWAYS_SEARCH_USER_PATHS = NO;
				CLANG_ANALYZER_NONNULL = YES;
				CLANG_ANALYZER_NUMBER_OBJECT_CONVERSION = YES_AGGRESSIVE;
				CLANG_CXX_LANGUAGE_STANDARD = "gnu++14";
				CLANG_CXX_LIBRARY = "libc++";
				CLANG_ENABLE_MODULES = YES;
				CLANG_ENABLE_OBJC_ARC = YES;
				CLANG_ENABLE_OBJC_WEAK = YES;
				CLANG_WARN_BLOCK_CAPTURE_AUTORELEASING = YES;
				CLANG_WARN_BOOL_CONVERSION = YES;
				CLANG_WARN_COMMA = YES;
				CLANG_WARN_CONSTANT_CONVERSION = YES;
				CLANG_WARN_DEPRECATED_OBJC_IMPLEMENTATIONS = YES;
				CLANG_WARN_DIRECT_OBJC_ISA_USAGE = YES_ERROR;
				CLANG_WARN_DOCUMENTATION_COMMENTS = YES;
				CLANG_WARN_EMPTY_BODY = YES;
				CLANG_WARN_ENUM_CONVERSION = YES;
				CLANG_WARN_INFINITE_RECURSION = YES;
				CLANG_WARN_INT_CONVERSION = YES;
				CLANG_WARN_NON_LITERAL_NULL_CONVERSION = YES;
				CLANG_WARN_OBJC_IMPLICIT_RETAIN_SELF = YES;
				CLANG_WARN_OBJC_LITERAL_CONVERSION = YES;
				CLANG_WARN_OBJC_ROOT_CLASS = YES_ERROR;
				CLANG_WARN_RANGE_LOOP_ANALYSIS = YES;
				CLANG_WARN_STRICT_PROTOTYPES = YES;
				CLANG_WARN_SUSPICIOUS_MOVE = YES;
				CLANG_WARN_UNGUARDED_AVAILABILITY = YES_AGGRESSIVE;
				CLANG_WARN_UNREACHABLE_CODE = YES;
				CLANG_WARN__DUPLICATE_METHOD_MATCH = YES;
				COPY_PHASE_STRIP = NO;
				DEBUG_INFORMATION_FORMAT = "dwarf-with-dsym";
				ENABLE_NS_ASSERTIONS = NO;
				ENABLE_STRICT_OBJC_MSGSEND = YES;
				GCC_C_LANGUAGE_STANDARD = gnu11;
				GCC_NO_COMMON_BLOCKS = YES;
				GCC_WARN_64_TO_32_BIT_CONVERSION = YES;
				GCC_WARN_ABOUT_RETURN_TYPE = YES_ERROR;
				GCC_WARN_UNDECLARED_SELECTOR = YES;
				GCC_WARN_UNINITIALIZED_AUTOS = YES_AGGRESSIVE;
				GCC_WARN_UNUSED_FUNCTION = YES;
				GCC_WARN_UNUSED_VARIABLE = YES;
				IPHONEOS_DEPLOYMENT_TARGET = 13.0;
				MTL_ENABLE_DEBUG_INFO = NO;
				MTL_FAST_MATH = YES;
				SDKROOT = iphoneos;
				SWIFT_COMPILATION_MODE = wholemodule;
				SWIFT_OPTIMIZATION_LEVEL = "-O";
				VALIDATE_PRODUCT = YES;
			};
			name = Release;
		};
		78476BB423184DFD005190F1 /* Debug */ = {
			isa = XCBuildConfiguration;
			buildSettings = {
				ASSETCATALOG_COMPILER_APPICON_NAME = AppIcon;
				CODE_SIGN_STYLE = Automatic;
				DEVELOPMENT_ASSET_PATHS = "\"SomeCocktail/Preview Content\"";
				DEVELOPMENT_TEAM = V67S6WRV9Z;
				ENABLE_PREVIEWS = YES;
				FRAMEWORK_SEARCH_PATHS = "$(inherited)";
				INFOPLIST_FILE = SomeCocktail/Info.plist;
				LD_RUNPATH_SEARCH_PATHS = (
					"$(inherited)",
					"@executable_path/Frameworks",
				);
				PRODUCT_BUNDLE_IDENTIFIER = com.baba.yaga.SomeCocktail;
				PRODUCT_NAME = "$(TARGET_NAME)";
				SWIFT_SWIFT3_OBJC_INFERENCE = Default;
				SWIFT_VERSION = 5.0;
				TARGETED_DEVICE_FAMILY = "1,2";
			};
			name = Debug;
		};
		78476BB523184DFD005190F1 /* Release */ = {
			isa = XCBuildConfiguration;
			buildSettings = {
				ASSETCATALOG_COMPILER_APPICON_NAME = AppIcon;
				CODE_SIGN_STYLE = Automatic;
				DEVELOPMENT_ASSET_PATHS = "\"SomeCocktail/Preview Content\"";
				DEVELOPMENT_TEAM = V67S6WRV9Z;
				ENABLE_PREVIEWS = YES;
				FRAMEWORK_SEARCH_PATHS = "$(inherited)";
				INFOPLIST_FILE = SomeCocktail/Info.plist;
				LD_RUNPATH_SEARCH_PATHS = (
					"$(inherited)",
					"@executable_path/Frameworks",
				);
				PRODUCT_BUNDLE_IDENTIFIER = com.baba.yaga.SomeCocktail;
				PRODUCT_NAME = "$(TARGET_NAME)";
				SWIFT_SWIFT3_OBJC_INFERENCE = Default;
				SWIFT_VERSION = 5.0;
				TARGETED_DEVICE_FAMILY = "1,2";
			};
			name = Release;
		};
/* End XCBuildConfiguration section */

/* Begin XCConfigurationList section */
		78476B9A23184DFB005190F1 /* Build configuration list for PBXProject "SomeCocktail" */ = {
			isa = XCConfigurationList;
			buildConfigurations = (
				78476BB123184DFD005190F1 /* Debug */,
				78476BB223184DFD005190F1 /* Release */,
			);
			defaultConfigurationIsVisible = 0;
			defaultConfigurationName = Release;
		};
		78476BB323184DFD005190F1 /* Build configuration list for PBXNativeTarget "SomeCocktail" */ = {
			isa = XCConfigurationList;
			buildConfigurations = (
				78476BB423184DFD005190F1 /* Debug */,
				78476BB523184DFD005190F1 /* Release */,
			);
			defaultConfigurationIsVisible = 0;
			defaultConfigurationName = Release;
		};
/* End XCConfigurationList section */
	};
	rootObject = 78476B9723184DFB005190F1 /* Project object */;
}
